
Microsoft Visual Studio Solution File, Format Version 12.00
# Visual Studio Version 16
VisualStudioVersion = 16.0.31424.327
MinimumVisualStudioVersion = 10.0.40219.1
Project("{FAE04EC0-301F-11D3-BF4B-00C04F79EFBC}") = "BlazorServerSignalRApp", "BlazorServerSignalRApp.csproj", "{6AB14E2A-2EBF-4AD3-8C09-2DD1A834FCAC}"
EndProject
Global
	GlobalSection(SolutionConfigurationPlatforms) = preSolution
		Debug|Any CPU = Debug|Any CPU
		Release|Any CPU = Release|Any CPU
	EndGlobalSection
	GlobalSection(ProjectConfigurationPlatforms) = postSolution
		{6AB14E2A-2EBF-4AD3-8C09-2DD1A834FCAC}.Debug|Any CPU.ActiveCfg = Debug|Any CPU
		{6AB14E2A-2EBF-4AD3-8C09-2DD1A834FCAC}.Debug|Any CPU.Build.0 = Debug|Any CPU
		{6AB14E2A-2EBF-4AD3-8C09-2DD1A834FCAC}.Release|Any CPU.ActiveCfg = Release|Any CPU
		{6AB14E2A-2EBF-4AD3-8C09-2DD1A834FCAC}.Release|Any CPU.Build.0 = Release|Any CPU
	EndGlobalSection
	GlobalSection(SolutionProperties) = preSolution
		HideSolutionNode = FALSE
	EndGlobalSection
	GlobalSection(ExtensibilityGlobals) = postSolution
		SolutionGuid = {99A47AFA-DC02-4D74-84A1-03064B48192E}
	EndGlobalSection
EndGlobal
